
Microsoft Visual Studio Solution File, Format Version 12.00
Project("{FAE04EC0-301F-11D3-BF4B-00C04F79EFBC}") = "ATD.Hello", "ATD.Hello\ATD.Hello.csproj", "{89BA83AA-C059-423F-9C46-C86FF7087B80}"
EndProject
Project("{2150E333-8FDC-42A3-9474-1A3956D46DE8}") = "Basic", "Basic", "{40171F71-31D3-4C11-A944-DE240134DD2C}"
EndProject
Project("{2150E333-8FDC-42A3-9474-1A3956D46DE8}") = "Building blocks", "Building blocks", "{CDCD24F1-94A3-41D7-80E0-1D9B3B5708A5}"
EndProject
Project("{FAE04EC0-301F-11D3-BF4B-00C04F79EFBC}") = "ATD.BB.Cli", "ATD.BB.Cli\ATD.BB.Cli.csproj", "{53AEC20B-AA82-4060-B598-2AA741F7B54E}"
EndProject
Project("{FAE04EC0-301F-11D3-BF4B-00C04F79EFBC}") = "ATD.BB.Secrets", "ATD.BB.Secrets\ATD.BB.Secrets.csproj", "{94B27CA1-9314-4723-97E2-9E103B0ED3A7}"
EndProject
Project("{2150E333-8FDC-42A3-9474-1A3956D46DE8}") = "State Management", "State Management", "{DF4A791A-0513-4927-B1F2-32EF69F32C43}"
EndProject
Project("{FAE04EC0-301F-11D3-BF4B-00C04F79EFBC}") = "ATD.SM.Cli", "ATD.SM.Cli\ATD.SM.Cli.csproj", "{6A951E04-A88A-4484-9EBD-BD598D8BE7FB}"
EndProject
Project("{FAE04EC0-301F-11D3-BF4B-00C04F79EFBC}") = "ATD.SM.Web", "ATD.SM.Web\ATD.SM.Web.csproj", "{79D8973F-453E-49C4-BA7A-63A1CA2D336F}"
EndProject
Project("{FAE04EC0-301F-11D3-BF4B-00C04F79EFBC}") = "ATD.SM.Web.Client", "ATD.SM.Web.Client\ATD.SM.Web.Client.csproj", "{410DFCDB-3B2E-41CB-B284-84AE689F22E4}"
EndProject
Project("{FAE04EC0-301F-11D3-BF4B-00C04F79EFBC}") = "ATD.SM.Models", "ATD.SM.Models\ATD.SM.Models.csproj", "{5CABA566-F595-4A17-A7BB-25DAD819B694}"
EndProject
Global
	GlobalSection(SolutionConfigurationPlatforms) = preSolution
		Debug|Any CPU = Debug|Any CPU
		Release|Any CPU = Release|Any CPU
	EndGlobalSection
	GlobalSection(ProjectConfigurationPlatforms) = postSolution
		{89BA83AA-C059-423F-9C46-C86FF7087B80}.Debug|Any CPU.ActiveCfg = Debug|Any CPU
		{89BA83AA-C059-423F-9C46-C86FF7087B80}.Debug|Any CPU.Build.0 = Debug|Any CPU
		{89BA83AA-C059-423F-9C46-C86FF7087B80}.Release|Any CPU.ActiveCfg = Release|Any CPU
		{89BA83AA-C059-423F-9C46-C86FF7087B80}.Release|Any CPU.Build.0 = Release|Any CPU
		{53AEC20B-AA82-4060-B598-2AA741F7B54E}.Debug|Any CPU.ActiveCfg = Debug|Any CPU
		{53AEC20B-AA82-4060-B598-2AA741F7B54E}.Debug|Any CPU.Build.0 = Debug|Any CPU
		{53AEC20B-AA82-4060-B598-2AA741F7B54E}.Release|Any CPU.ActiveCfg = Release|Any CPU
		{53AEC20B-AA82-4060-B598-2AA741F7B54E}.Release|Any CPU.Build.0 = Release|Any CPU
		{94B27CA1-9314-4723-97E2-9E103B0ED3A7}.Debug|Any CPU.ActiveCfg = Debug|Any CPU
		{94B27CA1-9314-4723-97E2-9E103B0ED3A7}.Debug|Any CPU.Build.0 = Debug|Any CPU
		{94B27CA1-9314-4723-97E2-9E103B0ED3A7}.Release|Any CPU.ActiveCfg = Release|Any CPU
		{94B27CA1-9314-4723-97E2-9E103B0ED3A7}.Release|Any CPU.Build.0 = Release|Any CPU
		{6A951E04-A88A-4484-9EBD-BD598D8BE7FB}.Debug|Any CPU.ActiveCfg = Debug|Any CPU
		{6A951E04-A88A-4484-9EBD-BD598D8BE7FB}.Debug|Any CPU.Build.0 = Debug|Any CPU
		{6A951E04-A88A-4484-9EBD-BD598D8BE7FB}.Release|Any CPU.ActiveCfg = Release|Any CPU
		{6A951E04-A88A-4484-9EBD-BD598D8BE7FB}.Release|Any CPU.Build.0 = Release|Any CPU
		{79D8973F-453E-49C4-BA7A-63A1CA2D336F}.Debug|Any CPU.ActiveCfg = Debug|Any CPU
		{79D8973F-453E-49C4-BA7A-63A1CA2D336F}.Debug|Any CPU.Build.0 = Debug|Any CPU
		{79D8973F-453E-49C4-BA7A-63A1CA2D336F}.Release|Any CPU.ActiveCfg = Release|Any CPU
		{79D8973F-453E-49C4-BA7A-63A1CA2D336F}.Release|Any CPU.Build.0 = Release|Any CPU
		{410DFCDB-3B2E-41CB-B284-84AE689F22E4}.Debug|Any CPU.ActiveCfg = Debug|Any CPU
		{410DFCDB-3B2E-41CB-B284-84AE689F22E4}.Debug|Any CPU.Build.0 = Debug|Any CPU
		{410DFCDB-3B2E-41CB-B284-84AE689F22E4}.Release|Any CPU.ActiveCfg = Release|Any CPU
		{410DFCDB-3B2E-41CB-B284-84AE689F22E4}.Release|Any CPU.Build.0 = Release|Any CPU
		{5CABA566-F595-4A17-A7BB-25DAD819B694}.Debug|Any CPU.ActiveCfg = Debug|Any CPU
		{5CABA566-F595-4A17-A7BB-25DAD819B694}.Debug|Any CPU.Build.0 = Debug|Any CPU
		{5CABA566-F595-4A17-A7BB-25DAD819B694}.Release|Any CPU.ActiveCfg = Release|Any CPU
		{5CABA566-F595-4A17-A7BB-25DAD819B694}.Release|Any CPU.Build.0 = Release|Any CPU
	EndGlobalSection
	GlobalSection(NestedProjects) = preSolution
		{89BA83AA-C059-423F-9C46-C86FF7087B80} = {40171F71-31D3-4C11-A944-DE240134DD2C}
		{53AEC20B-AA82-4060-B598-2AA741F7B54E} = {CDCD24F1-94A3-41D7-80E0-1D9B3B5708A5}
		{94B27CA1-9314-4723-97E2-9E103B0ED3A7} = {CDCD24F1-94A3-41D7-80E0-1D9B3B5708A5}
		{6A951E04-A88A-4484-9EBD-BD598D8BE7FB} = {DF4A791A-0513-4927-B1F2-32EF69F32C43}
		{79D8973F-453E-49C4-BA7A-63A1CA2D336F} = {DF4A791A-0513-4927-B1F2-32EF69F32C43}
		{410DFCDB-3B2E-41CB-B284-84AE689F22E4} = {DF4A791A-0513-4927-B1F2-32EF69F32C43}
		{5CABA566-F595-4A17-A7BB-25DAD819B694} = {DF4A791A-0513-4927-B1F2-32EF69F32C43}
	EndGlobalSection
EndGlobal
